<?xml version="1.0" encoding="utf-8"?>
<Project ToolsVersion="4.0" xmlns="http://schemas.microsoft.com/developer/msbuild/2003">
  <ItemGroup>
    <Filter Include="Source Files">
      <UniqueIdentifier>{4FC737F1-C7A5-4376-A066-2A32D752A2FF}</UniqueIdentifier>
      <Extensions>cpp;c;cc;cxx;c++;cppm;ixx;def;odl;idl;hpj;bat;asm;asmx</Extensions>
    </Filter>
    <Filter Include="Header Files">
      <UniqueIdentifier>{93995380-89BD-4b04-88EB-625FBE52EBFB}</UniqueIdentifier>
      <Extensions>h;hh;hpp;hxx;h++;hm;inl;inc;ipp;xsd</Extensions>
    </Filter>
    <Filter Include="Resource Files">
      <UniqueIdentifier>{67DA6AB6-F800-4c08-8B7A-83BB121AAD01}</UniqueIdentifier>
      <Extensions>rc;ico;cur;bmp;dlg;rc2;rct;bin;rgs;gif;jpg;jpeg;jpe;resx;tiff;tif;png;wav;mfcribbon-ms</Extensions>
    </Filter>
  </ItemGroup>
  <ItemGroup>
    <ClCompile Include="DungeonsAndDragons.cpp">
      <Filter>Source Files</Filter>
    </ClCompile>
    <ClCompile Include="Clasa.cpp">
      <Filter>Source Files</Filter>
    </ClCompile>
    <ClCompile Include="Abilitate.cpp">
      <Filter>Source Files</Filter>
    </ClCompile>
    <ClCompile Include="Rasa.cpp">
      <Filter>Source Files</Filter>
    </ClCompile>
    <ClCompile Include="IException.cpp">
      <Filter>Source Files</Filter>
    </ClCompile>
    <ClCompile Include="GenericException.cpp">
      <Filter>Source Files</Filter>
    </ClCompile>
    <ClCompile Include="Personaj.cpp">
      <Filter>Source Files</Filter>
    </ClCompile>
    <ClCompile Include="IObiect.cpp">
      <Filter>Source Files</Filter>
    </ClCompile>
    <ClCompile Include="Obiect.cpp">
      <Filter>Source Files</Filter>
    </ClCompile>
    <ClCompile Include="Room.cpp">
      <Filter>Source Files</Filter>
    </ClCompile>
    <ClCompile Include="ObiectNormal.cpp">
      <Filter>Source Files</Filter>
    </ClCompile>
    <ClCompile Include="ObiectSchimbareScena.cpp">
      <Filter>Source Files</Filter>
    </ClCompile>
    <ClCompile Include="Scenariu.cpp">
      <Filter>Source Files</Filter>
    </ClCompile>
    <ClCompile Include="Dice.cpp">
      <Filter>Source Files</Filter>
    </ClCompile>
    <ClCompile Include="DungeonMaster.cpp">
      <Filter>Source Files</Filter>
    </ClCompile>
    <ClCompile Include="FatalException.cpp">
      <Filter>Source Files</Filter>
    </ClCompile>
    <ClCompile Include="Logger.cpp">
      <Filter>Source Files</Filter>
    </ClCompile>
  </ItemGroup>
  <ItemGroup>
    <ClInclude Include="Clasa.h">
      <Filter>Header Files</Filter>
    </ClInclude>
    <ClInclude Include="Abilitate.h">
      <Filter>Header Files</Filter>
    </ClInclude>
    <ClInclude Include="Rasa.h">
      <Filter>Header Files</Filter>
    </ClInclude>
    <ClInclude Include="IException.h">
      <Filter>Header Files</Filter>
    </ClInclude>
    <ClInclude Include="GenericException.h">
      <Filter>Header Files</Filter>
    </ClInclude>
    <ClInclude Include="Personaj.h">
      <Filter>Header Files</Filter>
    </ClInclude>
    <ClInclude Include="IObiect.h">
      <Filter>Header Files</Filter>
    </ClInclude>
    <ClInclude Include="Obiect.h">
      <Filter>Header Files</Filter>
    </ClInclude>
    <ClInclude Include="Room.h">
      <Filter>Header Files</Filter>
    </ClInclude>
    <ClInclude Include="ObiectNormal.h">
      <Filter>Header Files</Filter>
    </ClInclude>
    <ClInclude Include="ObiectSchimbareScena.h">
      <Filter>Header Files</Filter>
    </ClInclude>
    <ClInclude Include="Scenariu.h">
      <Filter>Header Files</Filter>
    </ClInclude>
    <ClInclude Include="Dice.h">
      <Filter>Header Files</Filter>
    </ClInclude>
    <ClInclude Include="DungeonMaster.h">
      <Filter>Header Files</Filter>
    </ClInclude>
    <ClInclude Include="FatalException.h">
      <Filter>Header Files</Filter>
    </ClInclude>
    <ClInclude Include="Logger.h">
      <Filter>Header Files</Filter>
    </ClInclude>
  </ItemGroup>
  <ItemGroup>
    <Text Include="Rase.txt">
      <Filter>Resource Files</Filter>
    </Text>
    <Text Include="Clase.txt">
      <Filter>Resource Files</Filter>
    </Text>
    <Text Include="Obiecte.txt">
      <Filter>Resource Files</Filter>
    </Text>
    <Text Include="Camere.txt">
      <Filter>Resource Files</Filter>
    </Text>
    <Text Include="Inamici.txt">
      <Filter>Resource Files</Filter>
    </Text>
    <Text Include="Stats.txt">
      <Filter>Resource Files</Filter>
    </Text>
  </ItemGroup>
</Project>